
Microsoft Visual Studio Solution File, Format Version 12.00
# Visual Studio Version 17
VisualStudioVersion = 17.14.36414.22
MinimumVisualStudioVersion = 10.0.40219.1
Project("{2150E333-8FDC-42A3-9474-1A3956D46DE8}") = "src", "src", "{02EA681E-C7D8-13C7-8484-4AC65E1B71E8}"
EndProject
Project("{2150E333-8FDC-42A3-9474-1A3956D46DE8}") = "01.Domain", "01.Domain", "{69048931-3701-4F27-9633-9A3CF46C68AD}"
EndProject
Project("{2150E333-8FDC-42A3-9474-1A3956D46DE8}") = "02.Infrastructure", "02.Infrastructure", "{607EC894-E36F-40DA-BF64-7D18D059D84B}"
EndProject
Project("{2150E333-8FDC-42A3-9474-1A3956D46DE8}") = "03.Presentation", "03.Presentation", "{13C2BC51-1390-464F-A59F-D912C9801CB7}"
EndProject
Project("{2150E333-8FDC-42A3-9474-1A3956D46DE8}") = "Core", "Core", "{D6246B70-5732-4B62-A4AA-7DB1ED3EDC20}"
EndProject
Project("{2150E333-8FDC-42A3-9474-1A3956D46DE8}") = "Services", "Services", "{06791C8F-AB82-4FF5-AC73-7CEC56B5747E}"
EndProject
Project("{2150E333-8FDC-42A3-9474-1A3956D46DE8}") = "DataAccess", "DataAccess", "{D8864742-3A54-406E-9967-09D0C243EF89}"
EndProject
Project("{2150E333-8FDC-42A3-9474-1A3956D46DE8}") = "Db", "Db", "{C91F006C-93E3-472F-AC41-2A2E3180773D}"
EndProject
Project("{FAE04EC0-301F-11D3-BF4B-00C04F79EFBC}") = "App.Infra.Data.Repos.Ef", "src\02.Infrastructure\DataAccess\App.Infra.Data.Repos.Ef\App.Infra.Data.Repos.Ef.csproj", "{70409BF4-CFB9-4FAE-8059-1B8CEE9E02B4}"
EndProject
Project("{FAE04EC0-301F-11D3-BF4B-00C04F79EFBC}") = "App.Infra.Data.Db.SqlServer.Ef", "src\02.Infrastructure\Db\App.Infra.Data.Db.SqlServer.Ef\App.Infra.Data.Db.SqlServer.Ef.csproj", "{27484D85-CE9C-419E-83B0-0A7E68E279EB}"
EndProject
Project("{FAE04EC0-301F-11D3-BF4B-00C04F79EFBC}") = "EndPoint.Razor", "src\03.Presentation\EndPoint.Razor\EndPoint.Razor.csproj", "{7812BB87-8E1F-4E74-9D9F-6D7EEC28EB73}"
EndProject
Project("{FAE04EC0-301F-11D3-BF4B-00C04F79EFBC}") = "App.Domain.Core", "src\01.Domain\Core\App.Domain.Core\App.Domain.Core.csproj", "{0233BA13-1C57-4E75-B976-638651903637}"
EndProject
Project("{FAE04EC0-301F-11D3-BF4B-00C04F79EFBC}") = "App.Domain.AppServices", "src\01.Domain\Services\App.Domain.AppServices\App.Domain.AppServices.csproj", "{66EB67FA-03A1-4C0E-9DEF-285B0CCA822C}"
EndProject
Project("{FAE04EC0-301F-11D3-BF4B-00C04F79EFBC}") = "App.Domain.Services", "src\01.Domain\Services\App.Domain.Services\App.Domain.Services.csproj", "{42697887-3866-419F-95D5-5A47A8D402DF}"
EndProject
Project("{2150E333-8FDC-42A3-9474-1A3956D46DE8}") = "FileServices", "FileServices", "{E7DABF05-F04E-4F05-BD04-2216C9B96E88}"
EndProject
Project("{FAE04EC0-301F-11D3-BF4B-00C04F79EFBC}") = "Files", "Files\Files.csproj", "{0015769F-1688-4705-AB13-6ED3DF18F4AD}"
EndProject
Global
	GlobalSection(SolutionConfigurationPlatforms) = preSolution
		Debug|Any CPU = Debug|Any CPU
		Release|Any CPU = Release|Any CPU
	EndGlobalSection
	GlobalSection(ProjectConfigurationPlatforms) = postSolution
		{70409BF4-CFB9-4FAE-8059-1B8CEE9E02B4}.Debug|Any CPU.ActiveCfg = Debug|Any CPU
		{70409BF4-CFB9-4FAE-8059-1B8CEE9E02B4}.Debug|Any CPU.Build.0 = Debug|Any CPU
		{70409BF4-CFB9-4FAE-8059-1B8CEE9E02B4}.Release|Any CPU.ActiveCfg = Release|Any CPU
		{70409BF4-CFB9-4FAE-8059-1B8CEE9E02B4}.Release|Any CPU.Build.0 = Release|Any CPU
		{27484D85-CE9C-419E-83B0-0A7E68E279EB}.Debug|Any CPU.ActiveCfg = Debug|Any CPU
		{27484D85-CE9C-419E-83B0-0A7E68E279EB}.Debug|Any CPU.Build.0 = Debug|Any CPU
		{27484D85-CE9C-419E-83B0-0A7E68E279EB}.Release|Any CPU.ActiveCfg = Release|Any CPU
		{27484D85-CE9C-419E-83B0-0A7E68E279EB}.Release|Any CPU.Build.0 = Release|Any CPU
		{7812BB87-8E1F-4E74-9D9F-6D7EEC28EB73}.Debug|Any CPU.ActiveCfg = Debug|Any CPU
		{7812BB87-8E1F-4E74-9D9F-6D7EEC28EB73}.Debug|Any CPU.Build.0 = Debug|Any CPU
		{7812BB87-8E1F-4E74-9D9F-6D7EEC28EB73}.Release|Any CPU.ActiveCfg = Release|Any CPU
		{7812BB87-8E1F-4E74-9D9F-6D7EEC28EB73}.Release|Any CPU.Build.0 = Release|Any CPU
		{0233BA13-1C57-4E75-B976-638651903637}.Debug|Any CPU.ActiveCfg = Debug|Any CPU
		{0233BA13-1C57-4E75-B976-638651903637}.Debug|Any CPU.Build.0 = Debug|Any CPU
		{0233BA13-1C57-4E75-B976-638651903637}.Release|Any CPU.ActiveCfg = Release|Any CPU
		{0233BA13-1C57-4E75-B976-638651903637}.Release|Any CPU.Build.0 = Release|Any CPU
		{66EB67FA-03A1-4C0E-9DEF-285B0CCA822C}.Debug|Any CPU.ActiveCfg = Debug|Any CPU
		{66EB67FA-03A1-4C0E-9DEF-285B0CCA822C}.Debug|Any CPU.Build.0 = Debug|Any CPU
		{66EB67FA-03A1-4C0E-9DEF-285B0CCA822C}.Release|Any CPU.ActiveCfg = Release|Any CPU
		{66EB67FA-03A1-4C0E-9DEF-285B0CCA822C}.Release|Any CPU.Build.0 = Release|Any CPU
		{42697887-3866-419F-95D5-5A47A8D402DF}.Debug|Any CPU.ActiveCfg = Debug|Any CPU
		{42697887-3866-419F-95D5-5A47A8D402DF}.Debug|Any CPU.Build.0 = Debug|Any CPU
		{42697887-3866-419F-95D5-5A47A8D402DF}.Release|Any CPU.ActiveCfg = Release|Any CPU
		{42697887-3866-419F-95D5-5A47A8D402DF}.Release|Any CPU.Build.0 = Release|Any CPU
		{0015769F-1688-4705-AB13-6ED3DF18F4AD}.Debug|Any CPU.ActiveCfg = Debug|Any CPU
		{0015769F-1688-4705-AB13-6ED3DF18F4AD}.Debug|Any CPU.Build.0 = Debug|Any CPU
		{0015769F-1688-4705-AB13-6ED3DF18F4AD}.Release|Any CPU.ActiveCfg = Release|Any CPU
		{0015769F-1688-4705-AB13-6ED3DF18F4AD}.Release|Any CPU.Build.0 = Release|Any CPU
	EndGlobalSection
	GlobalSection(SolutionProperties) = preSolution
		HideSolutionNode = FALSE
	EndGlobalSection
	GlobalSection(NestedProjects) = preSolution
		{69048931-3701-4F27-9633-9A3CF46C68AD} = {02EA681E-C7D8-13C7-8484-4AC65E1B71E8}
		{607EC894-E36F-40DA-BF64-7D18D059D84B} = {02EA681E-C7D8-13C7-8484-4AC65E1B71E8}
		{13C2BC51-1390-464F-A59F-D912C9801CB7} = {02EA681E-C7D8-13C7-8484-4AC65E1B71E8}
		{D6246B70-5732-4B62-A4AA-7DB1ED3EDC20} = {69048931-3701-4F27-9633-9A3CF46C68AD}
		{06791C8F-AB82-4FF5-AC73-7CEC56B5747E} = {69048931-3701-4F27-9633-9A3CF46C68AD}
		{D8864742-3A54-406E-9967-09D0C243EF89} = {607EC894-E36F-40DA-BF64-7D18D059D84B}
		{C91F006C-93E3-472F-AC41-2A2E3180773D} = {607EC894-E36F-40DA-BF64-7D18D059D84B}
		{70409BF4-CFB9-4FAE-8059-1B8CEE9E02B4} = {D8864742-3A54-406E-9967-09D0C243EF89}
		{27484D85-CE9C-419E-83B0-0A7E68E279EB} = {C91F006C-93E3-472F-AC41-2A2E3180773D}
		{7812BB87-8E1F-4E74-9D9F-6D7EEC28EB73} = {13C2BC51-1390-464F-A59F-D912C9801CB7}
		{0233BA13-1C57-4E75-B976-638651903637} = {D6246B70-5732-4B62-A4AA-7DB1ED3EDC20}
		{66EB67FA-03A1-4C0E-9DEF-285B0CCA822C} = {06791C8F-AB82-4FF5-AC73-7CEC56B5747E}
		{42697887-3866-419F-95D5-5A47A8D402DF} = {06791C8F-AB82-4FF5-AC73-7CEC56B5747E}
		{E7DABF05-F04E-4F05-BD04-2216C9B96E88} = {06791C8F-AB82-4FF5-AC73-7CEC56B5747E}
		{0015769F-1688-4705-AB13-6ED3DF18F4AD} = {E7DABF05-F04E-4F05-BD04-2216C9B96E88}
	EndGlobalSection
	GlobalSection(ExtensibilityGlobals) = postSolution
		SolutionGuid = {E114950E-833B-4F30-B7D2-0A9D9E35FAB8}
	EndGlobalSection
EndGlobal
